
Microsoft Visual Studio Solution File, Format Version 12.00
# Visual Studio Version 17
VisualStudioVersion = 17.0.32014.148
MinimumVisualStudioVersion = 10.0.40219.1
Project("{9A19103F-16F7-4668-BE54-9A1E7A4F7556}") = "FateExplorer", "FateExplorer.csproj", "{8A27F2B1-BBA4-4E25-9266-B4F247F49E25}"
EndProject
Project("{9A19103F-16F7-4668-BE54-9A1E7A4F7556}") = "UnitTests", "..\RollLogicTests\UnitTests.csproj", "{D8DFC54F-D414-4B20-8EA8-1A334A3C65D8}"
	ProjectSection(ProjectDependencies) = postProject
		{8A27F2B1-BBA4-4E25-9266-B4F247F49E25} = {8A27F2B1-BBA4-4E25-9266-B4F247F49E25}
	EndProjectSection
EndProject
Project("{9A19103F-16F7-4668-BE54-9A1E7A4F7556}") = "TestBlazorClientSideStorage", "..\BlazorClientSideStorage\TestBlazorClientSideStorage.csproj", "{2D570820-EA6D-48CC-933B-A50FFB99F636}"
EndProject
Project("{9A19103F-16F7-4668-BE54-9A1E7A4F7556}") = "LibClientSideStorage", "..\LibClientSideStorage\LibClientSideStorage.csproj", "{D165FF3A-B5DB-4373-8406-FF85948DB864}"
EndProject
Global
	GlobalSection(SolutionConfigurationPlatforms) = preSolution
		Debug|Any CPU = Debug|Any CPU
		Release|Any CPU = Release|Any CPU
	EndGlobalSection
	GlobalSection(ProjectConfigurationPlatforms) = postSolution
		{8A27F2B1-BBA4-4E25-9266-B4F247F49E25}.Debug|Any CPU.ActiveCfg = Debug|Any CPU
		{8A27F2B1-BBA4-4E25-9266-B4F247F49E25}.Debug|Any CPU.Build.0 = Debug|Any CPU
		{8A27F2B1-BBA4-4E25-9266-B4F247F49E25}.Release|Any CPU.ActiveCfg = Release|Any CPU
		{8A27F2B1-BBA4-4E25-9266-B4F247F49E25}.Release|Any CPU.Build.0 = Release|Any CPU
		{D8DFC54F-D414-4B20-8EA8-1A334A3C65D8}.Debug|Any CPU.ActiveCfg = Debug|Any CPU
		{D8DFC54F-D414-4B20-8EA8-1A334A3C65D8}.Debug|Any CPU.Build.0 = Debug|Any CPU
		{D8DFC54F-D414-4B20-8EA8-1A334A3C65D8}.Release|Any CPU.ActiveCfg = Release|Any CPU
		{D8DFC54F-D414-4B20-8EA8-1A334A3C65D8}.Release|Any CPU.Build.0 = Release|Any CPU
		{2D570820-EA6D-48CC-933B-A50FFB99F636}.Debug|Any CPU.ActiveCfg = Debug|Any CPU
		{2D570820-EA6D-48CC-933B-A50FFB99F636}.Debug|Any CPU.Build.0 = Debug|Any CPU
		{2D570820-EA6D-48CC-933B-A50FFB99F636}.Release|Any CPU.ActiveCfg = Release|Any CPU
		{2D570820-EA6D-48CC-933B-A50FFB99F636}.Release|Any CPU.Build.0 = Release|Any CPU
		{D165FF3A-B5DB-4373-8406-FF85948DB864}.Debug|Any CPU.ActiveCfg = Debug|Any CPU
		{D165FF3A-B5DB-4373-8406-FF85948DB864}.Debug|Any CPU.Build.0 = Debug|Any CPU
		{D165FF3A-B5DB-4373-8406-FF85948DB864}.Release|Any CPU.ActiveCfg = Release|Any CPU
		{D165FF3A-B5DB-4373-8406-FF85948DB864}.Release|Any CPU.Build.0 = Release|Any CPU
	EndGlobalSection
	GlobalSection(SolutionProperties) = preSolution
		HideSolutionNode = FALSE
	EndGlobalSection
	GlobalSection(ExtensibilityGlobals) = postSolution
		SolutionGuid = {28D09E00-4F4B-4482-ACEF-645FE1B9B65D}
	EndGlobalSection
EndGlobal
